
Microsoft Visual Studio Solution File, Format Version 12.00
# Visual Studio Version 16
VisualStudioVersion = 16.0.29920.165
MinimumVisualStudioVersion = 10.0.40219.1
Project("{FAE04EC0-301F-11D3-BF4B-00C04F79EFBC}") = "MiCalculadora", "MiCalculadora\MiCalculadora.csproj", "{BE003B38-8F32-47CC-AD91-7C5E1CF86E1E}"
EndProject
Project("{FAE04EC0-301F-11D3-BF4B-00C04F79EFBC}") = "Entidades", "Entidades\Entidades.csproj", "{259859F4-726A-454D-9132-68B0B329D58E}"
EndProject
Global
	GlobalSection(SolutionConfigurationPlatforms) = preSolution
		Debug|Any CPU = Debug|Any CPU
		Release|Any CPU = Release|Any CPU
	EndGlobalSection
	GlobalSection(ProjectConfigurationPlatforms) = postSolution
		{BE003B38-8F32-47CC-AD91-7C5E1CF86E1E}.Debug|Any CPU.ActiveCfg = Debug|Any CPU
		{BE003B38-8F32-47CC-AD91-7C5E1CF86E1E}.Debug|Any CPU.Build.0 = Debug|Any CPU
		{BE003B38-8F32-47CC-AD91-7C5E1CF86E1E}.Release|Any CPU.ActiveCfg = Release|Any CPU
		{BE003B38-8F32-47CC-AD91-7C5E1CF86E1E}.Release|Any CPU.Build.0 = Release|Any CPU
		{259859F4-726A-454D-9132-68B0B329D58E}.Debug|Any CPU.ActiveCfg = Debug|Any CPU
		{259859F4-726A-454D-9132-68B0B329D58E}.Debug|Any CPU.Build.0 = Debug|Any CPU
		{259859F4-726A-454D-9132-68B0B329D58E}.Release|Any CPU.ActiveCfg = Release|Any CPU
		{259859F4-726A-454D-9132-68B0B329D58E}.Release|Any CPU.Build.0 = Release|Any CPU
	EndGlobalSection
	GlobalSection(SolutionProperties) = preSolution
		HideSolutionNode = FALSE
	EndGlobalSection
	GlobalSection(ExtensibilityGlobals) = postSolution
		SolutionGuid = {F2640187-0ED4-4257-ADFC-E19267FEFF37}
	EndGlobalSection
EndGlobal
